
Microsoft Visual Studio Solution File, Format Version 12.00
# Visual Studio Version 17
VisualStudioVersion = 17.5.33530.505
MinimumVisualStudioVersion = 10.0.40219.1
Project("{FAE04EC0-301F-11D3-BF4B-00C04F79EFBC}") = "FinalLab", "FinalLab\FinalLab.csproj", "{FF7C7F05-5A35-4F9C-A4D6-FCBC9D1D77BC}"
EndProject
Global
	GlobalSection(SolutionConfigurationPlatforms) = preSolution
		Debug|Any CPU = Debug|Any CPU
		Release|Any CPU = Release|Any CPU
	EndGlobalSection
	GlobalSection(ProjectConfigurationPlatforms) = postSolution
		{FF7C7F05-5A35-4F9C-A4D6-FCBC9D1D77BC}.Debug|Any CPU.ActiveCfg = Debug|Any CPU
		{FF7C7F05-5A35-4F9C-A4D6-FCBC9D1D77BC}.Debug|Any CPU.Build.0 = Debug|Any CPU
		{FF7C7F05-5A35-4F9C-A4D6-FCBC9D1D77BC}.Release|Any CPU.ActiveCfg = Release|Any CPU
		{FF7C7F05-5A35-4F9C-A4D6-FCBC9D1D77BC}.Release|Any CPU.Build.0 = Release|Any CPU
	EndGlobalSection
	GlobalSection(SolutionProperties) = preSolution
		HideSolutionNode = FALSE
	EndGlobalSection
	GlobalSection(ExtensibilityGlobals) = postSolution
		SolutionGuid = {1EE4E177-6804-4B00-97D5-94EA469D2729}
	EndGlobalSection
EndGlobal
